{
  "version": 4,
  "terraform_version": "0.15.3",
  "serial": 613,
  "lineage": "07bd60c2-4a4a-fc1d-e53e-5ab5d7642e81",
  "outputs": {},
  "resources": [
    {
      "mode": "data",
      "type": "aci_vmm_domain",
      "name": "vds",
      "provider": "provider[\"registry.terraform.io/ciscodevnet/aci\"]",
      "instances": [
        {
          "schema_version": 0,
          "attributes": {
            "access_mode": "read-write",
            "annotation": "",
            "arp_learning": "",
            "ave_time_out": "30",
            "config_infra_pg": "no",
            "ctrl_knob": "epDpVerify",
            "delimiter": "",
            "description": "{}",
            "enable_ave": "no",
            "enable_tag": "no",
            "encap_mode": "unknown",
            "enf_pref": "hw",
            "ep_inventory_type": "on-link",
            "ep_ret_time": "0",
            "hv_avail_monitor": "no",
            "id": "uni/vmmp-VMware/dom-DVS_Domain",
            "mcast_addr": "0.0.0.0",
            "mode": "default",
            "name": "DVS_Domain",
            "name_alias": "",
            "pref_encap_mode": "unspecified",
            "provider_profile_dn": "uni/vmmp-VMware"
          },
          "sensitive_attributes": []
        }
      ]
    },
    {
      "mode": "managed",
      "type": "aci_application_epg",
      "name": "EPG_TF_1",
      "provider": "provider[\"registry.terraform.io/ciscodevnet/aci\"]",
      "instances": [
        {
          "schema_version": 1,
          "attributes": {
            "annotation": "orchestrator:terraform",
            "application_profile_dn": "uni/tn-Tenant_Terraform/ap-Production",
            "description": "EPG created by TF",
            "exception_tag": "",
            "flood_on_encap": "disabled",
            "fwd_ctrl": "",
            "has_mcast_source": "no",
            "id": "uni/tn-Tenant_Terraform/ap-Production/epg-Segment-230",
            "is_attr_based_epg": "no",
            "match_t": "AtleastOne",
            "name": "Segment-230",
            "name_alias": "",
            "pc_enf_pref": "unenforced",
            "pref_gr_memb": "exclude",
            "prio": "unspecified",
            "relation_fv_rs_aepg_mon_pol": "",
            "relation_fv_rs_bd": "uni/tn-Tenant_Terraform/BD-Production-Segment-230",
            "relation_fv_rs_cons": null,
            "relation_fv_rs_cons_if": null,
            "relation_fv_rs_cust_qos_pol": null,
            "relation_fv_rs_dpp_pol": "",
            "relation_fv_rs_fc_path_att": null,
            "relation_fv_rs_graph_def": null,
            "relation_fv_rs_intra_epg": null,
            "relation_fv_rs_node_att": null,
            "relation_fv_rs_prot_by": null,
            "relation_fv_rs_prov": null,
            "relation_fv_rs_prov_def": null,
            "relation_fv_rs_sec_inherited": null,
            "relation_fv_rs_trust_ctrl": "",
            "shutdown": "no"
          },
          "sensitive_attributes": [],
          "private": "eyJzY2hlbWFfdmVyc2lvbiI6IjEifQ==",
          "dependencies": [
            "aci_application_profile.AppProfile_TF",
            "aci_bridge_domain.BD1_TF",
            "aci_tenant.Tenant_TF",
            "aci_vrf.VRF_TF"
          ]
        }
      ]
    },
    {
      "mode": "managed",
      "type": "aci_application_epg",
      "name": "EPG_TF_2",
      "provider": "provider[\"registry.terraform.io/ciscodevnet/aci\"]",
      "instances": [
        {
          "schema_version": 1,
          "attributes": {
            "annotation": "orchestrator:terraform",
            "application_profile_dn": "uni/tn-Tenant_Terraform/ap-Production",
            "description": "EPG created by TF",
            "exception_tag": "",
            "flood_on_encap": "disabled",
            "fwd_ctrl": "",
            "has_mcast_source": "no",
            "id": "uni/tn-Tenant_Terraform/ap-Production/epg-Segment-231",
            "is_attr_based_epg": "no",
            "match_t": "AtleastOne",
            "name": "Segment-231",
            "name_alias": "",
            "pc_enf_pref": "unenforced",
            "pref_gr_memb": "exclude",
            "prio": "unspecified",
            "relation_fv_rs_aepg_mon_pol": "",
            "relation_fv_rs_bd": "uni/tn-Tenant_Terraform/BD-Production-Segment-231",
            "relation_fv_rs_cons": null,
            "relation_fv_rs_cons_if": null,
            "relation_fv_rs_cust_qos_pol": null,
            "relation_fv_rs_dpp_pol": "",
            "relation_fv_rs_fc_path_att": null,
            "relation_fv_rs_graph_def": null,
            "relation_fv_rs_intra_epg": null,
            "relation_fv_rs_node_att": null,
            "relation_fv_rs_prot_by": null,
            "relation_fv_rs_prov": null,
            "relation_fv_rs_prov_def": null,
            "relation_fv_rs_sec_inherited": null,
            "relation_fv_rs_trust_ctrl": "",
            "shutdown": "no"
          },
          "sensitive_attributes": [],
          "private": "eyJzY2hlbWFfdmVyc2lvbiI6IjEifQ==",
          "dependencies": [
            "aci_application_profile.AppProfile_TF",
            "aci_bridge_domain.BD2_TF",
            "aci_tenant.Tenant_TF",
            "aci_vrf.VRF_TF"
          ]
        }
      ]
    },
    {
      "mode": "managed",
      "type": "aci_application_profile",
      "name": "AppProfile_TF",
      "provider": "provider[\"registry.terraform.io/ciscodevnet/aci\"]",
      "instances": [
        {
          "schema_version": 1,
          "attributes": {
            "annotation": "orchestrator:terraform",
            "description": "App profile created by TF",
            "id": "uni/tn-Tenant_Terraform/ap-Production",
            "name": "Production",
            "name_alias": "",
            "prio": "unspecified",
            "relation_fv_rs_ap_mon_pol": "",
            "tenant_dn": "uni/tn-Tenant_Terraform"
          },
          "sensitive_attributes": [],
          "private": "eyJzY2hlbWFfdmVyc2lvbiI6IjEifQ==",
          "dependencies": [
            "aci_tenant.Tenant_TF"
          ]
        }
      ]
    },
    {
      "mode": "managed",
      "type": "aci_bridge_domain",
      "name": "BD1_TF",
      "provider": "provider[\"registry.terraform.io/ciscodevnet/aci\"]",
      "instances": [
        {
          "schema_version": 1,
          "attributes": {
            "annotation": "orchestrator:terraform",
            "arp_flood": "no",
            "bridge_domain_type": "regular",
            "description": "BD created by TF",
            "ep_clear": "no",
            "ep_move_detect_mode": "",
            "host_based_routing": "no",
            "id": "uni/tn-Tenant_Terraform/BD-Production-Segment-230",
            "intersite_bum_traffic_allow": "no",
            "intersite_l2_stretch": "no",
            "ip_learning": "yes",
            "ipv6_mcast_allow": "no",
            "limit_ip_learn_to_subnets": "yes",
            "ll_addr": "::",
            "mac": "00:22:BD:F8:19:FF",
            "mcast_allow": "no",
            "multi_dst_pkt_act": "bd-flood",
            "name": "Production-Segment-230",
            "name_alias": "",
            "optimize_wan_bandwidth": "no",
            "relation_fv_rs_abd_pol_mon_pol": "",
            "relation_fv_rs_bd_flood_to": null,
            "relation_fv_rs_bd_to_ep_ret": null,
            "relation_fv_rs_bd_to_fhs": "",
            "relation_fv_rs_bd_to_nd_p": null,
            "relation_fv_rs_bd_to_netflow_monitor_pol": [],
            "relation_fv_rs_bd_to_out": null,
            "relation_fv_rs_bd_to_profile": "",
            "relation_fv_rs_bd_to_relay_p": "",
            "relation_fv_rs_ctx": "uni/tn-Tenant_Terraform/ctx-Production",
            "relation_fv_rs_igmpsn": null,
            "relation_fv_rs_mldsn": null,
            "tenant_dn": "uni/tn-Tenant_Terraform",
            "unicast_route": "yes",
            "unk_mac_ucast_act": "proxy",
            "unk_mcast_act": "flood",
            "v6unk_mcast_act": "flood",
            "vmac": "not-applicable"
          },
          "sensitive_attributes": [],
          "private": "eyJzY2hlbWFfdmVyc2lvbiI6IjEifQ==",
          "dependencies": [
            "aci_tenant.Tenant_TF",
            "aci_vrf.VRF_TF"
          ]
        }
      ]
    },
    {
      "mode": "managed",
      "type": "aci_bridge_domain",
      "name": "BD2_TF",
      "provider": "provider[\"registry.terraform.io/ciscodevnet/aci\"]",
      "instances": [
        {
          "schema_version": 1,
          "attributes": {
            "annotation": "orchestrator:terraform",
            "arp_flood": "no",
            "bridge_domain_type": "regular",
            "description": "BD created by TF",
            "ep_clear": "no",
            "ep_move_detect_mode": "",
            "host_based_routing": "no",
            "id": "uni/tn-Tenant_Terraform/BD-Production-Segment-231",
            "intersite_bum_traffic_allow": "no",
            "intersite_l2_stretch": "no",
            "ip_learning": "yes",
            "ipv6_mcast_allow": "no",
            "limit_ip_learn_to_subnets": "yes",
            "ll_addr": "::",
            "mac": "00:22:BD:F8:19:FF",
            "mcast_allow": "no",
            "multi_dst_pkt_act": "bd-flood",
            "name": "Production-Segment-231",
            "name_alias": "",
            "optimize_wan_bandwidth": "no",
            "relation_fv_rs_abd_pol_mon_pol": "",
            "relation_fv_rs_bd_flood_to": null,
            "relation_fv_rs_bd_to_ep_ret": null,
            "relation_fv_rs_bd_to_fhs": "",
            "relation_fv_rs_bd_to_nd_p": null,
            "relation_fv_rs_bd_to_netflow_monitor_pol": [],
            "relation_fv_rs_bd_to_out": null,
            "relation_fv_rs_bd_to_profile": "",
            "relation_fv_rs_bd_to_relay_p": "",
            "relation_fv_rs_ctx": "uni/tn-Tenant_Terraform/ctx-Production",
            "relation_fv_rs_igmpsn": null,
            "relation_fv_rs_mldsn": null,
            "tenant_dn": "uni/tn-Tenant_Terraform",
            "unicast_route": "yes",
            "unk_mac_ucast_act": "proxy",
            "unk_mcast_act": "flood",
            "v6unk_mcast_act": "flood",
            "vmac": "not-applicable"
          },
          "sensitive_attributes": [],
          "private": "eyJzY2hlbWFfdmVyc2lvbiI6IjEifQ==",
          "dependencies": [
            "aci_tenant.Tenant_TF",
            "aci_vrf.VRF_TF"
          ]
        }
      ]
    },
    {
      "mode": "managed",
      "type": "aci_epg_to_domain",
      "name": "VMM_TF_EPG_1",
      "provider": "provider[\"registry.terraform.io/ciscodevnet/aci\"]",
      "instances": [
        {
          "schema_version": 1,
          "attributes": {
            "allow_micro_seg": false,
            "annotation": "orchestrator:terraform",
            "application_epg_dn": "uni/tn-Tenant_Terraform/ap-Production/epg-Segment-230",
            "binding_type": "none",
            "delimiter": "",
            "description": null,
            "encap": "unknown",
            "encap_mode": "auto",
            "epg_cos": "Cos0",
            "epg_cos_pref": "disabled",
            "id": "uni/tn-Tenant_Terraform/ap-Production/epg-Segment-230/rsdomAtt-[uni/vmmp-VMware/dom-DVS_Domain]",
            "instr_imedcy": "immediate",
            "lag_policy_name": "",
            "netflow_dir": "both",
            "netflow_pref": "disabled",
            "num_ports": "0",
            "port_allocation": "none",
            "primary_encap": "unknown",
            "primary_encap_inner": "unknown",
            "res_imedcy": "pre-provision",
            "secondary_encap_inner": "unknown",
            "switching_mode": "native",
            "tdn": "uni/vmmp-VMware/dom-DVS_Domain",
            "vmm_allow_promiscuous": "accept",
            "vmm_forged_transmits": "accept",
            "vmm_id": "uni/tn-Tenant_Terraform/ap-Production/epg-Segment-230/rsdomAtt-[uni/vmmp-VMware/dom-DVS_Domain]/sec",
            "vmm_mac_changes": "accept"
          },
          "sensitive_attributes": [],
          "private": "eyJzY2hlbWFfdmVyc2lvbiI6IjEifQ==",
          "dependencies": [
            "aci_application_epg.EPG_TF_1",
            "aci_application_profile.AppProfile_TF",
            "aci_bridge_domain.BD1_TF",
            "aci_tenant.Tenant_TF",
            "aci_vrf.VRF_TF",
            "data.aci_vmm_domain.vds"
          ]
        }
      ]
    },
    {
      "mode": "managed",
      "type": "aci_epg_to_domain",
      "name": "VMM_TF_EPG_2",
      "provider": "provider[\"registry.terraform.io/ciscodevnet/aci\"]",
      "instances": [
        {
          "schema_version": 1,
          "attributes": {
            "allow_micro_seg": false,
            "annotation": "orchestrator:terraform",
            "application_epg_dn": "uni/tn-Tenant_Terraform/ap-Production/epg-Segment-231",
            "binding_type": "none",
            "delimiter": "",
            "description": null,
            "encap": "unknown",
            "encap_mode": "auto",
            "epg_cos": "Cos0",
            "epg_cos_pref": "disabled",
            "id": "uni/tn-Tenant_Terraform/ap-Production/epg-Segment-231/rsdomAtt-[uni/vmmp-VMware/dom-DVS_Domain]",
            "instr_imedcy": "immediate",
            "lag_policy_name": "",
            "netflow_dir": "both",
            "netflow_pref": "disabled",
            "num_ports": "0",
            "port_allocation": "none",
            "primary_encap": "unknown",
            "primary_encap_inner": "unknown",
            "res_imedcy": "pre-provision",
            "secondary_encap_inner": "unknown",
            "switching_mode": "native",
            "tdn": "uni/vmmp-VMware/dom-DVS_Domain",
            "vmm_allow_promiscuous": "accept",
            "vmm_forged_transmits": "accept",
            "vmm_id": "uni/tn-Tenant_Terraform/ap-Production/epg-Segment-231/rsdomAtt-[uni/vmmp-VMware/dom-DVS_Domain]/sec",
            "vmm_mac_changes": "accept"
          },
          "sensitive_attributes": [],
          "private": "eyJzY2hlbWFfdmVyc2lvbiI6IjEifQ==",
          "dependencies": [
            "aci_application_epg.EPG_TF_2",
            "aci_application_profile.AppProfile_TF",
            "aci_bridge_domain.BD2_TF",
            "aci_tenant.Tenant_TF",
            "aci_vrf.VRF_TF",
            "data.aci_vmm_domain.vds"
          ]
        }
      ]
    },
    {
      "mode": "managed",
      "type": "aci_subnet",
      "name": "Subnet_BD1",
      "provider": "provider[\"registry.terraform.io/ciscodevnet/aci\"]",
      "instances": [
        {
          "schema_version": 1,
          "attributes": {
            "annotation": "orchestrator:terraform",
            "ctrl": [
              "nd"
            ],
            "description": "",
            "id": "uni/tn-Tenant_Terraform/BD-Production-Segment-230/subnet-[10.230.0.254/24]",
            "ip": "10.230.0.254/24",
            "name_alias": "",
            "parent_dn": "uni/tn-Tenant_Terraform/BD-Production-Segment-230",
            "preferred": "no",
            "relation_fv_rs_bd_subnet_to_out": null,
            "relation_fv_rs_bd_subnet_to_profile": "",
            "relation_fv_rs_nd_pfx_pol": "",
            "scope": [
              "private"
            ],
            "virtual": "no"
          },
          "sensitive_attributes": [],
          "private": "eyJzY2hlbWFfdmVyc2lvbiI6IjEifQ==",
          "dependencies": [
            "aci_bridge_domain.BD1_TF",
            "aci_tenant.Tenant_TF",
            "aci_vrf.VRF_TF"
          ]
        }
      ]
    },
    {
      "mode": "managed",
      "type": "aci_subnet",
      "name": "Subnet_BD2",
      "provider": "provider[\"registry.terraform.io/ciscodevnet/aci\"]",
      "instances": [
        {
          "schema_version": 1,
          "attributes": {
            "annotation": "orchestrator:terraform",
            "ctrl": [
              "nd"
            ],
            "description": "",
            "id": "uni/tn-Tenant_Terraform/BD-Production-Segment-231/subnet-[10.231.0.254/24]",
            "ip": "10.231.0.254/24",
            "name_alias": "",
            "parent_dn": "uni/tn-Tenant_Terraform/BD-Production-Segment-231",
            "preferred": "no",
            "relation_fv_rs_bd_subnet_to_out": null,
            "relation_fv_rs_bd_subnet_to_profile": "",
            "relation_fv_rs_nd_pfx_pol": "",
            "scope": [
              "private"
            ],
            "virtual": "no"
          },
          "sensitive_attributes": [],
          "private": "eyJzY2hlbWFfdmVyc2lvbiI6IjEifQ==",
          "dependencies": [
            "aci_bridge_domain.BD2_TF",
            "aci_tenant.Tenant_TF",
            "aci_vrf.VRF_TF"
          ]
        }
      ]
    },
    {
      "mode": "managed",
      "type": "aci_tenant",
      "name": "Tenant_TF",
      "provider": "provider[\"registry.terraform.io/ciscodevnet/aci\"]",
      "instances": [
        {
          "schema_version": 1,
          "attributes": {
            "annotation": "orchestrator:terraform",
            "description": "Tenant created by TF",
            "id": "uni/tn-Tenant_Terraform",
            "name": "Tenant_Terraform",
            "name_alias": "",
            "relation_fv_rs_tenant_mon_pol": null,
            "relation_fv_rs_tn_deny_rule": null
          },
          "sensitive_attributes": [],
          "private": "eyJzY2hlbWFfdmVyc2lvbiI6IjEifQ=="
        }
      ]
    },
    {
      "mode": "managed",
      "type": "aci_vrf",
      "name": "VRF_TF",
      "provider": "provider[\"registry.terraform.io/ciscodevnet/aci\"]",
      "instances": [
        {
          "schema_version": 1,
          "attributes": {
            "annotation": "orchestrator:terraform",
            "bd_enforced_enable": "no",
            "description": "VRF created by TF",
            "id": "uni/tn-Tenant_Terraform/ctx-Production",
            "ip_data_plane_learning": "enabled",
            "knw_mcast_act": "permit",
            "name": "Production",
            "name_alias": "",
            "pc_enf_dir": "ingress",
            "pc_enf_pref": "enforced",
            "relation_fv_rs_bgp_ctx_pol": null,
            "relation_fv_rs_ctx_mcast_to": null,
            "relation_fv_rs_ctx_mon_pol": "",
            "relation_fv_rs_ctx_to_bgp_ctx_af_pol": [],
            "relation_fv_rs_ctx_to_eigrp_ctx_af_pol": [],
            "relation_fv_rs_ctx_to_ep_ret": null,
            "relation_fv_rs_ctx_to_ext_route_tag_pol": null,
            "relation_fv_rs_ctx_to_ospf_ctx_pol": [],
            "relation_fv_rs_ospf_ctx_pol": null,
            "relation_fv_rs_vrf_validation_pol": null,
            "tenant_dn": "uni/tn-Tenant_Terraform"
          },
          "sensitive_attributes": [],
          "private": "eyJzY2hlbWFfdmVyc2lvbiI6IjEifQ==",
          "dependencies": [
            "aci_tenant.Tenant_TF"
          ]
        }
      ]
    }
  ]
}
